
Microsoft Visual Studio Solution File, Format Version 12.00
# Visual Studio 2012
Project("{8BC9CEB8-8B4A-11D0-8D11-00A0C91BC942}") = "Spiral And Escape", "Spiral And Escape\Spiral And Escape.vcxproj", "{13BDA649-8491-4C44-B523-5C2EAAD9F277}"
EndProject
Global
	GlobalSection(SolutionConfigurationPlatforms) = preSolution
		Debug|Win32 = Debug|Win32
		Release|Win32 = Release|Win32
	EndGlobalSection
	GlobalSection(ProjectConfigurationPlatforms) = postSolution
		{13BDA649-8491-4C44-B523-5C2EAAD9F277}.Debug|Win32.ActiveCfg = Debug|Win32
		{13BDA649-8491-4C44-B523-5C2EAAD9F277}.Debug|Win32.Build.0 = Debug|Win32
		{13BDA649-8491-4C44-B523-5C2EAAD9F277}.Release|Win32.ActiveCfg = Release|Win32
		{13BDA649-8491-4C44-B523-5C2EAAD9F277}.Release|Win32.Build.0 = Release|Win32
	EndGlobalSection
	GlobalSection(SolutionProperties) = preSolution
		HideSolutionNode = FALSE
	EndGlobalSection
EndGlobal
